
Microsoft Visual Studio Solution File, Format Version 12.00
# Visual Studio Version 16
VisualStudioVersion = 16.0.32802.440
MinimumVisualStudioVersion = 10.0.40219.1
Project("{FAE04EC0-301F-11D3-BF4B-00C04F79EFBC}") = "TabulerColor", "TabulerColor\TabulerColor.csproj", "{2F1EFC20-9EA0-41EE-8816-F5C61ADC7026}"
EndProject
Global
	GlobalSection(SolutionConfigurationPlatforms) = preSolution
		Debug|Any CPU = Debug|Any CPU
		Release|Any CPU = Release|Any CPU
	EndGlobalSection
	GlobalSection(ProjectConfigurationPlatforms) = postSolution
		{2F1EFC20-9EA0-41EE-8816-F5C61ADC7026}.Debug|Any CPU.ActiveCfg = Debug|Any CPU
		{2F1EFC20-9EA0-41EE-8816-F5C61ADC7026}.Debug|Any CPU.Build.0 = Debug|Any CPU
		{2F1EFC20-9EA0-41EE-8816-F5C61ADC7026}.Release|Any CPU.ActiveCfg = Release|Any CPU
		{2F1EFC20-9EA0-41EE-8816-F5C61ADC7026}.Release|Any CPU.Build.0 = Release|Any CPU
	EndGlobalSection
	GlobalSection(SolutionProperties) = preSolution
		HideSolutionNode = FALSE
	EndGlobalSection
	GlobalSection(ExtensibilityGlobals) = postSolution
		SolutionGuid = {27CB2BCA-EE0C-4AAF-8632-F905A1D39756}
	EndGlobalSection
EndGlobal
