
Microsoft Visual Studio Solution File, Format Version 12.00
# Visual Studio Version 16
VisualStudioVersion = 16.0.32802.440
MinimumVisualStudioVersion = 10.0.40219.1
Project("{FAE04EC0-301F-11D3-BF4B-00C04F79EFBC}") = "BootstrapTemplateLayout", "BootstrapTemplateLayout\BootstrapTemplateLayout.csproj", "{6FDFCC67-C00F-4A98-B50E-1B42D6AE98A5}"
EndProject
Global
	GlobalSection(SolutionConfigurationPlatforms) = preSolution
		Debug|Any CPU = Debug|Any CPU
		Release|Any CPU = Release|Any CPU
	EndGlobalSection
	GlobalSection(ProjectConfigurationPlatforms) = postSolution
		{6FDFCC67-C00F-4A98-B50E-1B42D6AE98A5}.Debug|Any CPU.ActiveCfg = Debug|Any CPU
		{6FDFCC67-C00F-4A98-B50E-1B42D6AE98A5}.Debug|Any CPU.Build.0 = Debug|Any CPU
		{6FDFCC67-C00F-4A98-B50E-1B42D6AE98A5}.Release|Any CPU.ActiveCfg = Release|Any CPU
		{6FDFCC67-C00F-4A98-B50E-1B42D6AE98A5}.Release|Any CPU.Build.0 = Release|Any CPU
	EndGlobalSection
	GlobalSection(SolutionProperties) = preSolution
		HideSolutionNode = FALSE
	EndGlobalSection
	GlobalSection(ExtensibilityGlobals) = postSolution
		SolutionGuid = {98E09E5C-E223-42F6-87EE-C52058D2B149}
	EndGlobalSection
EndGlobal
